
Microsoft Visual Studio Solution File, Format Version 12.00
# Visual Studio 2013
VisualStudioVersion = 12.0.21005.1
MinimumVisualStudioVersion = 10.0.40219.1
Project("{FAE04EC0-301F-11D3-BF4B-00C04F79EFBC}") = "UserManagementUI", "UserManagementUI\UserManagementUI.csproj", "{47E3379A-F811-400B-A212-E51892B95DC6}"
EndProject
Project("{FAE04EC0-301F-11D3-BF4B-00C04F79EFBC}") = "SO.Provider", "SO.Provider\SO.Provider.csproj", "{3439EF91-1B04-4D61-B71B-02472B3477DE}"
EndProject
Project("{FAE04EC0-301F-11D3-BF4B-00C04F79EFBC}") = "UM.Biz", "UM.Biz\UM.Biz.csproj", "{595B2FFA-6F45-4DAD-A26A-120734D2E50C}"
EndProject
Project("{FAE04EC0-301F-11D3-BF4B-00C04F79EFBC}") = "UM.Biz.Factory", "UM.Biz.Factory\UM.Biz.Factory.csproj", "{3A2E6A04-094E-40DB-BE6B-1A344B03BE02}"
EndProject
Project("{FAE04EC0-301F-11D3-BF4B-00C04F79EFBC}") = "UM.DataContext", "UM.DataContext\UM.DataContext.csproj", "{C748B3F4-6C29-46CF-9A0C-6C7598A7DEC5}"
EndProject
Project("{FAE04EC0-301F-11D3-BF4B-00C04F79EFBC}") = "UM.Interfaces", "UM.Interfaces\UM.Interfaces.csproj", "{7918F997-6324-4C63-A967-B66BBB75B951}"
EndProject
Project("{FAE04EC0-301F-11D3-BF4B-00C04F79EFBC}") = "UM.Model", "UM.Model\UM.Model.csproj", "{97AC04AA-7566-4764-A113-FFA48044C14A}"
EndProject
Project("{FAE04EC0-301F-11D3-BF4B-00C04F79EFBC}") = "S1.CommonBiz", "..\SoftOne\S1.CommonBiz\S1.CommonBiz.csproj", "{683FF8A7-7168-40ED-A061-0D102E5A212D}"
EndProject
Project("{FAE04EC0-301F-11D3-BF4B-00C04F79EFBC}") = "S1.Common.DataContext", "..\SoftOne\S1.Common.DataContext\S1.Common.DataContext.csproj", "{2400D7D1-6CA0-4C28-8A78-E7449B94F07B}"
EndProject
Project("{FAE04EC0-301F-11D3-BF4B-00C04F79EFBC}") = "S1.Common.Model", "..\SoftOne\S1.Common.Model\S1.Common.Model.csproj", "{4D8AD1BF-20F7-4340-B990-E1E140BF53A0}"
EndProject
Project("{FAE04EC0-301F-11D3-BF4B-00C04F79EFBC}") = "S1.CrUD", "..\SoftOneLibrary\S1.CrUD\S1.CrUD.csproj", "{DD0F5408-13BA-4582-9CB8-DAA84701F305}"
EndProject
Global
	GlobalSection(SolutionConfigurationPlatforms) = preSolution
		Debug|Any CPU = Debug|Any CPU
		Release|Any CPU = Release|Any CPU
	EndGlobalSection
	GlobalSection(ProjectConfigurationPlatforms) = postSolution
		{47E3379A-F811-400B-A212-E51892B95DC6}.Debug|Any CPU.ActiveCfg = Debug|Any CPU
		{47E3379A-F811-400B-A212-E51892B95DC6}.Debug|Any CPU.Build.0 = Debug|Any CPU
		{47E3379A-F811-400B-A212-E51892B95DC6}.Release|Any CPU.ActiveCfg = Release|Any CPU
		{47E3379A-F811-400B-A212-E51892B95DC6}.Release|Any CPU.Build.0 = Release|Any CPU
		{3439EF91-1B04-4D61-B71B-02472B3477DE}.Debug|Any CPU.ActiveCfg = Debug|Any CPU
		{3439EF91-1B04-4D61-B71B-02472B3477DE}.Debug|Any CPU.Build.0 = Debug|Any CPU
		{3439EF91-1B04-4D61-B71B-02472B3477DE}.Release|Any CPU.ActiveCfg = Release|Any CPU
		{3439EF91-1B04-4D61-B71B-02472B3477DE}.Release|Any CPU.Build.0 = Release|Any CPU
		{595B2FFA-6F45-4DAD-A26A-120734D2E50C}.Debug|Any CPU.ActiveCfg = Debug|Any CPU
		{595B2FFA-6F45-4DAD-A26A-120734D2E50C}.Debug|Any CPU.Build.0 = Debug|Any CPU
		{595B2FFA-6F45-4DAD-A26A-120734D2E50C}.Release|Any CPU.ActiveCfg = Release|Any CPU
		{595B2FFA-6F45-4DAD-A26A-120734D2E50C}.Release|Any CPU.Build.0 = Release|Any CPU
		{3A2E6A04-094E-40DB-BE6B-1A344B03BE02}.Debug|Any CPU.ActiveCfg = Debug|Any CPU
		{3A2E6A04-094E-40DB-BE6B-1A344B03BE02}.Debug|Any CPU.Build.0 = Debug|Any CPU
		{3A2E6A04-094E-40DB-BE6B-1A344B03BE02}.Release|Any CPU.ActiveCfg = Release|Any CPU
		{3A2E6A04-094E-40DB-BE6B-1A344B03BE02}.Release|Any CPU.Build.0 = Release|Any CPU
		{C748B3F4-6C29-46CF-9A0C-6C7598A7DEC5}.Debug|Any CPU.ActiveCfg = Debug|Any CPU
		{C748B3F4-6C29-46CF-9A0C-6C7598A7DEC5}.Debug|Any CPU.Build.0 = Debug|Any CPU
		{C748B3F4-6C29-46CF-9A0C-6C7598A7DEC5}.Release|Any CPU.ActiveCfg = Release|Any CPU
		{C748B3F4-6C29-46CF-9A0C-6C7598A7DEC5}.Release|Any CPU.Build.0 = Release|Any CPU
		{7918F997-6324-4C63-A967-B66BBB75B951}.Debug|Any CPU.ActiveCfg = Debug|Any CPU
		{7918F997-6324-4C63-A967-B66BBB75B951}.Debug|Any CPU.Build.0 = Debug|Any CPU
		{7918F997-6324-4C63-A967-B66BBB75B951}.Release|Any CPU.ActiveCfg = Release|Any CPU
		{7918F997-6324-4C63-A967-B66BBB75B951}.Release|Any CPU.Build.0 = Release|Any CPU
		{97AC04AA-7566-4764-A113-FFA48044C14A}.Debug|Any CPU.ActiveCfg = Debug|Any CPU
		{97AC04AA-7566-4764-A113-FFA48044C14A}.Debug|Any CPU.Build.0 = Debug|Any CPU
		{97AC04AA-7566-4764-A113-FFA48044C14A}.Release|Any CPU.ActiveCfg = Release|Any CPU
		{97AC04AA-7566-4764-A113-FFA48044C14A}.Release|Any CPU.Build.0 = Release|Any CPU
		{683FF8A7-7168-40ED-A061-0D102E5A212D}.Debug|Any CPU.ActiveCfg = Debug|Any CPU
		{683FF8A7-7168-40ED-A061-0D102E5A212D}.Debug|Any CPU.Build.0 = Debug|Any CPU
		{683FF8A7-7168-40ED-A061-0D102E5A212D}.Release|Any CPU.ActiveCfg = Release|Any CPU
		{683FF8A7-7168-40ED-A061-0D102E5A212D}.Release|Any CPU.Build.0 = Release|Any CPU
		{2400D7D1-6CA0-4C28-8A78-E7449B94F07B}.Debug|Any CPU.ActiveCfg = Debug|Any CPU
		{2400D7D1-6CA0-4C28-8A78-E7449B94F07B}.Debug|Any CPU.Build.0 = Debug|Any CPU
		{2400D7D1-6CA0-4C28-8A78-E7449B94F07B}.Release|Any CPU.ActiveCfg = Release|Any CPU
		{2400D7D1-6CA0-4C28-8A78-E7449B94F07B}.Release|Any CPU.Build.0 = Release|Any CPU
		{4D8AD1BF-20F7-4340-B990-E1E140BF53A0}.Debug|Any CPU.ActiveCfg = Debug|Any CPU
		{4D8AD1BF-20F7-4340-B990-E1E140BF53A0}.Debug|Any CPU.Build.0 = Debug|Any CPU
		{4D8AD1BF-20F7-4340-B990-E1E140BF53A0}.Release|Any CPU.ActiveCfg = Release|Any CPU
		{4D8AD1BF-20F7-4340-B990-E1E140BF53A0}.Release|Any CPU.Build.0 = Release|Any CPU
		{DD0F5408-13BA-4582-9CB8-DAA84701F305}.Debug|Any CPU.ActiveCfg = Debug|Any CPU
		{DD0F5408-13BA-4582-9CB8-DAA84701F305}.Debug|Any CPU.Build.0 = Debug|Any CPU
		{DD0F5408-13BA-4582-9CB8-DAA84701F305}.Release|Any CPU.ActiveCfg = Release|Any CPU
		{DD0F5408-13BA-4582-9CB8-DAA84701F305}.Release|Any CPU.Build.0 = Release|Any CPU
	EndGlobalSection
	GlobalSection(SolutionProperties) = preSolution
		HideSolutionNode = FALSE
	EndGlobalSection
EndGlobal
